{
    "_readme": [
        "This file locks the dependencies of your project to a known state",
        "Read more about it at https://getcomposer.org/doc/01-basic-usage.md#composer-lock-the-lock-file",
        "This file is @generated automatically"
    ],
    "hash": "6b8725ddcfcd2f07f20dc48fc85892ed",
    "content-hash": "9b38de93e0a362e3805dc0758cac7d94",
    "packages": [
        {
            "name": "ammarfaizi2/php-curl",
            "version": "0.0.2",
            "source": {
                "type": "git",
                "url": "https://github.com/ammarfaizi2/php-curl.git",
                "reference": "14f56c347e0968595bc15a0b882caf1960dc6c19"
            },
            "dist": {
                "type": "zip",
                "url": "https://api.github.com/repos/ammarfaizi2/php-curl/zipball/14f56c347e0968595bc15a0b882caf1960dc6c19",
                "reference": "14f56c347e0968595bc15a0b882caf1960dc6c19",
                "shasum": ""
            },
            "require": {
                "ext-curl": "*",
                "php": ">=5.6"
            },
            "type": "library",
            "autoload": {
                "psr-4": {
                    "Curl\\": "src/Curl/"
                }
            },
            "notification-url": "https://packagist.org/downloads/",
            "license": [
                "MIT"
            ],
            "authors": [
                {
                    "name": "Ammar Faizi",
                    "email": "ammarfaizi2@gmail.com"
                }
            ],
            "description": "PHP Curl Class makes it easy to send HTTP requests.",
            "homepage": "https://github.com/ammarfaizi2/php-curl",
            "keywords": [
                "class",
                "client",
                "curl",
                "http",
                "php"
            ],
            "time": "2017-12-12 08:52:39"
        }
    ],
    "packages-dev": [],
    "aliases": [],
    "minimum-stability": "stable",
    "stability-flags": [],
    "prefer-stable": false,
    "prefer-lowest": false,
    "platform": [],
    "platform-dev": []
}
